{
  "name": "drmath_pb",
  "lockfileVersion": 2,
  "requires": true,
  "packages": {
    "": {
      "dependencies": {
        "air-datepicker": "^3.3.1"
      }
    },
    "node_modules/air-datepicker": {
      "version": "3.3.1",
      "resolved": "https://registry.npmjs.org/air-datepicker/-/air-datepicker-3.3.1.tgz",
      "integrity": "sha512-h3m94w8sIcs6PTuIrWU8v7OYanAEcjIoG+IjdH6RWY6Ka2tHwLOxY/g7fx6JSWDG+Uag/NKdxIu0ApkrYFtwdg=="
    }
  },
  "dependencies": {
    "air-datepicker": {
      "version": "3.3.1",
      "resolved": "https://registry.npmjs.org/air-datepicker/-/air-datepicker-3.3.1.tgz",
      "integrity": "sha512-h3m94w8sIcs6PTuIrWU8v7OYanAEcjIoG+IjdH6RWY6Ka2tHwLOxY/g7fx6JSWDG+Uag/NKdxIu0ApkrYFtwdg=="
    }
  }
}
